
Microsoft Visual Studio Solution File, Format Version 12.00
# Visual Studio 15
VisualStudioVersion = 15.0.26730.16
MinimumVisualStudioVersion = 10.0.40219.1
Project("{FAE04EC0-301F-11D3-BF4B-00C04F79EFBC}") = "Aggregates.NET", "src\Aggregates.NET\Aggregates.NET.csproj", "{FEC5D03F-5699-4F38-9470-1B915F7482E7}"
EndProject
Project("{2150E333-8FDC-42A3-9474-1A3956D46DE8}") = "Samples", "Samples", "{EA1A5D36-7FE4-4C48-9B08-1FC5822CFD5E}"
EndProject
Project("{2150E333-8FDC-42A3-9474-1A3956D46DE8}") = "1. HelloWorld", "1. HelloWorld", "{10B64234-CC27-41A5-B427-B34B3817C746}"
EndProject
Project("{FAE04EC0-301F-11D3-BF4B-00C04F79EFBC}") = "Aggregates.NET.EventStore", "src\Aggregates.NET.EventStore\Aggregates.NET.EventStore.csproj", "{10E3EA3B-1197-4D51-BAE0-E0D150D56767}"
EndProject
Project("{FAE04EC0-301F-11D3-BF4B-00C04F79EFBC}") = "Aggregates.NET.NewtonsoftJson", "src\Aggregates.NET.NewtonsoftJson\Aggregates.NET.NewtonsoftJson.csproj", "{83714F8F-1112-4948-BACE-3CFD0C30A9FD}"
EndProject
Project("{FAE04EC0-301F-11D3-BF4B-00C04F79EFBC}") = "Aggregates.NET.NServiceBus", "src\Aggregates.NET.NServiceBus\Aggregates.NET.NServiceBus.csproj", "{F552D7A6-BE84-47CF-95BD-FF765358C0AF}"
EndProject
Project("{FAE04EC0-301F-11D3-BF4B-00C04F79EFBC}") = "Aggregates.NET.StructureMap", "src\Aggregates.NET.StructureMap\Aggregates.NET.StructureMap.csproj", "{CCEC41F0-1150-414D-965A-CAFB40D8C4FA}"
EndProject
Project("{FAE04EC0-301F-11D3-BF4B-00C04F79EFBC}") = "Aggregates.NET.UnitTests", "src\Aggregates.NET.UnitTests\Aggregates.NET.UnitTests.csproj", "{8C37F0E4-7C6C-41EC-9499-D330B5B8E61A}"
EndProject
Project("{FAE04EC0-301F-11D3-BF4B-00C04F79EFBC}") = "Client", "src\Samples\1. HelloWorld\Client\Client.csproj", "{F32F0869-7F2C-45BD-A29D-69F068965DDE}"
EndProject
Project("{FAE04EC0-301F-11D3-BF4B-00C04F79EFBC}") = "Domain", "src\Samples\1. HelloWorld\Domain\Domain.csproj", "{719D3C7A-1A22-42D5-AB50-03DDFBED4277}"
EndProject
Project("{FAE04EC0-301F-11D3-BF4B-00C04F79EFBC}") = "Language", "src\Samples\1. HelloWorld\Language\Language.csproj", "{67E85000-F22C-47F3-AA9A-14A38EC6FF55}"
EndProject
Project("{FAE04EC0-301F-11D3-BF4B-00C04F79EFBC}") = "Aggregates.NET.SimpleInjector", "src\Aggregates.NET.SimpleInjector\Aggregates.NET.SimpleInjector.csproj", "{71B8C7B4-2E80-497C-A3ED-8A18BEFC8C92}"
EndProject
Project("{2150E333-8FDC-42A3-9474-1A3956D46DE8}") = "2. Snapshots", "2. Snapshots", "{0697586E-2361-4276-9FEE-DD8B90BCA87E}"
EndProject
Project("{FAE04EC0-301F-11D3-BF4B-00C04F79EFBC}") = "Client", "src\Samples\2. Snapshots\Client\Client.csproj", "{F32F0869-7F2C-45BD-A29D-69F068965DDF}"
EndProject
Project("{FAE04EC0-301F-11D3-BF4B-00C04F79EFBC}") = "Domain", "src\Samples\2. Snapshots\Domain\Domain.csproj", "{719D3C7A-1A22-42D5-AB50-03DDFBED4278}"
EndProject
Project("{FAE04EC0-301F-11D3-BF4B-00C04F79EFBC}") = "Language", "src\Samples\2. Snapshots\Language\Language.csproj", "{67E85000-F22C-47F3-AA9A-14A38EC6FF56}"
EndProject
Project("{2150E333-8FDC-42A3-9474-1A3956D46DE8}") = "3. Children", "3. Children", "{993E84BE-5FCD-4FEE-B1DE-A28B4820FDAA}"
EndProject
Project("{2150E333-8FDC-42A3-9474-1A3956D46DE8}") = "6. DelayedBulk", "6. DelayedBulk", "{A4B9059F-1B69-4E09-ADA5-D0E149D205CD}"
EndProject
Project("{2150E333-8FDC-42A3-9474-1A3956D46DE8}") = "5. OutOfBand", "5. OutOfBand", "{6E36D40B-48DD-4246-8E27-715D4252D29C}"
EndProject
Project("{2150E333-8FDC-42A3-9474-1A3956D46DE8}") = "4. Queries", "4. Queries", "{7796CB1D-2B69-4628-A8BD-1B660AF3299E}"
EndProject
Project("{FAE04EC0-301F-11D3-BF4B-00C04F79EFBC}") = "Client", "src\Samples\4. Queries\Client\Client.csproj", "{F32F0869-7F2C-45BD-A29D-64F068965DDE}"
EndProject
Project("{FAE04EC0-301F-11D3-BF4B-00C04F79EFBC}") = "Domain", "src\Samples\4. Queries\Domain\Domain.csproj", "{719D3C7A-1A22-42D5-AB50-01DDFBED4277}"
EndProject
Project("{FAE04EC0-301F-11D3-BF4B-00C04F79EFBC}") = "Language", "src\Samples\4. Queries\Language\Language.csproj", "{67E85000-F22C-47F3-AA9A-14A32EC6FF55}"
EndProject
Project("{FAE04EC0-301F-11D3-BF4B-00C04F79EFBC}") = "Client", "src\Samples\3. Children\Client\Client.csproj", "{F32F0869-7F2C-45BD-A28D-64F068965DDE}"
EndProject
Project("{FAE04EC0-301F-11D3-BF4B-00C04F79EFBC}") = "Domain", "src\Samples\3. Children\Domain\Domain.csproj", "{719D3C7A-1A22-42D5-AB51-01DDFBED4277}"
EndProject
Project("{FAE04EC0-301F-11D3-BF4B-00C04F79EFBC}") = "Language", "src\Samples\3. Children\Language\Language.csproj", "{67E85000-F22C-47F3-AA9B-14A32EC6FF55}"
EndProject
Global
	GlobalSection(SolutionConfigurationPlatforms) = preSolution
		Debug|Any CPU = Debug|Any CPU
		Release|Any CPU = Release|Any CPU
	EndGlobalSection
	GlobalSection(ProjectConfigurationPlatforms) = postSolution
		{FEC5D03F-5699-4F38-9470-1B915F7482E7}.Debug|Any CPU.ActiveCfg = Debug|Any CPU
		{FEC5D03F-5699-4F38-9470-1B915F7482E7}.Debug|Any CPU.Build.0 = Debug|Any CPU
		{FEC5D03F-5699-4F38-9470-1B915F7482E7}.Release|Any CPU.ActiveCfg = Release|Any CPU
		{FEC5D03F-5699-4F38-9470-1B915F7482E7}.Release|Any CPU.Build.0 = Release|Any CPU
		{10E3EA3B-1197-4D51-BAE0-E0D150D56767}.Debug|Any CPU.ActiveCfg = Debug|Any CPU
		{10E3EA3B-1197-4D51-BAE0-E0D150D56767}.Debug|Any CPU.Build.0 = Debug|Any CPU
		{10E3EA3B-1197-4D51-BAE0-E0D150D56767}.Release|Any CPU.ActiveCfg = Release|Any CPU
		{10E3EA3B-1197-4D51-BAE0-E0D150D56767}.Release|Any CPU.Build.0 = Release|Any CPU
		{83714F8F-1112-4948-BACE-3CFD0C30A9FD}.Debug|Any CPU.ActiveCfg = Debug|Any CPU
		{83714F8F-1112-4948-BACE-3CFD0C30A9FD}.Debug|Any CPU.Build.0 = Debug|Any CPU
		{83714F8F-1112-4948-BACE-3CFD0C30A9FD}.Release|Any CPU.ActiveCfg = Release|Any CPU
		{83714F8F-1112-4948-BACE-3CFD0C30A9FD}.Release|Any CPU.Build.0 = Release|Any CPU
		{F552D7A6-BE84-47CF-95BD-FF765358C0AF}.Debug|Any CPU.ActiveCfg = Debug|Any CPU
		{F552D7A6-BE84-47CF-95BD-FF765358C0AF}.Debug|Any CPU.Build.0 = Debug|Any CPU
		{F552D7A6-BE84-47CF-95BD-FF765358C0AF}.Release|Any CPU.ActiveCfg = Release|Any CPU
		{F552D7A6-BE84-47CF-95BD-FF765358C0AF}.Release|Any CPU.Build.0 = Release|Any CPU
		{CCEC41F0-1150-414D-965A-CAFB40D8C4FA}.Debug|Any CPU.ActiveCfg = Debug|Any CPU
		{CCEC41F0-1150-414D-965A-CAFB40D8C4FA}.Debug|Any CPU.Build.0 = Debug|Any CPU
		{CCEC41F0-1150-414D-965A-CAFB40D8C4FA}.Release|Any CPU.ActiveCfg = Release|Any CPU
		{CCEC41F0-1150-414D-965A-CAFB40D8C4FA}.Release|Any CPU.Build.0 = Release|Any CPU
		{8C37F0E4-7C6C-41EC-9499-D330B5B8E61A}.Debug|Any CPU.ActiveCfg = Debug|Any CPU
		{8C37F0E4-7C6C-41EC-9499-D330B5B8E61A}.Debug|Any CPU.Build.0 = Debug|Any CPU
		{8C37F0E4-7C6C-41EC-9499-D330B5B8E61A}.Release|Any CPU.ActiveCfg = Release|Any CPU
		{8C37F0E4-7C6C-41EC-9499-D330B5B8E61A}.Release|Any CPU.Build.0 = Release|Any CPU
		{F32F0869-7F2C-45BD-A29D-69F068965DDE}.Debug|Any CPU.ActiveCfg = Debug|Any CPU
		{F32F0869-7F2C-45BD-A29D-69F068965DDE}.Debug|Any CPU.Build.0 = Debug|Any CPU
		{F32F0869-7F2C-45BD-A29D-69F068965DDE}.Release|Any CPU.ActiveCfg = Release|Any CPU
		{F32F0869-7F2C-45BD-A29D-69F068965DDE}.Release|Any CPU.Build.0 = Release|Any CPU
		{719D3C7A-1A22-42D5-AB50-03DDFBED4277}.Debug|Any CPU.ActiveCfg = Debug|Any CPU
		{719D3C7A-1A22-42D5-AB50-03DDFBED4277}.Debug|Any CPU.Build.0 = Debug|Any CPU
		{719D3C7A-1A22-42D5-AB50-03DDFBED4277}.Release|Any CPU.ActiveCfg = Release|Any CPU
		{719D3C7A-1A22-42D5-AB50-03DDFBED4277}.Release|Any CPU.Build.0 = Release|Any CPU
		{67E85000-F22C-47F3-AA9A-14A38EC6FF55}.Debug|Any CPU.ActiveCfg = Debug|Any CPU
		{67E85000-F22C-47F3-AA9A-14A38EC6FF55}.Debug|Any CPU.Build.0 = Debug|Any CPU
		{67E85000-F22C-47F3-AA9A-14A38EC6FF55}.Release|Any CPU.ActiveCfg = Release|Any CPU
		{67E85000-F22C-47F3-AA9A-14A38EC6FF55}.Release|Any CPU.Build.0 = Release|Any CPU
		{71B8C7B4-2E80-497C-A3ED-8A18BEFC8C92}.Debug|Any CPU.ActiveCfg = Debug|Any CPU
		{71B8C7B4-2E80-497C-A3ED-8A18BEFC8C92}.Debug|Any CPU.Build.0 = Debug|Any CPU
		{71B8C7B4-2E80-497C-A3ED-8A18BEFC8C92}.Release|Any CPU.ActiveCfg = Release|Any CPU
		{71B8C7B4-2E80-497C-A3ED-8A18BEFC8C92}.Release|Any CPU.Build.0 = Release|Any CPU
		{F32F0869-7F2C-45BD-A29D-69F068965DDF}.Debug|Any CPU.ActiveCfg = Debug|Any CPU
		{F32F0869-7F2C-45BD-A29D-69F068965DDF}.Debug|Any CPU.Build.0 = Debug|Any CPU
		{F32F0869-7F2C-45BD-A29D-69F068965DDF}.Release|Any CPU.ActiveCfg = Release|Any CPU
		{F32F0869-7F2C-45BD-A29D-69F068965DDF}.Release|Any CPU.Build.0 = Release|Any CPU
		{719D3C7A-1A22-42D5-AB50-03DDFBED4278}.Debug|Any CPU.ActiveCfg = Debug|Any CPU
		{719D3C7A-1A22-42D5-AB50-03DDFBED4278}.Debug|Any CPU.Build.0 = Debug|Any CPU
		{719D3C7A-1A22-42D5-AB50-03DDFBED4278}.Release|Any CPU.ActiveCfg = Release|Any CPU
		{719D3C7A-1A22-42D5-AB50-03DDFBED4278}.Release|Any CPU.Build.0 = Release|Any CPU
		{67E85000-F22C-47F3-AA9A-14A38EC6FF56}.Debug|Any CPU.ActiveCfg = Debug|Any CPU
		{67E85000-F22C-47F3-AA9A-14A38EC6FF56}.Debug|Any CPU.Build.0 = Debug|Any CPU
		{67E85000-F22C-47F3-AA9A-14A38EC6FF56}.Release|Any CPU.ActiveCfg = Release|Any CPU
		{67E85000-F22C-47F3-AA9A-14A38EC6FF56}.Release|Any CPU.Build.0 = Release|Any CPU
		{F32F0869-7F2C-45BD-A29D-64F068965DDE}.Debug|Any CPU.ActiveCfg = Debug|Any CPU
		{F32F0869-7F2C-45BD-A29D-64F068965DDE}.Debug|Any CPU.Build.0 = Debug|Any CPU
		{F32F0869-7F2C-45BD-A29D-64F068965DDE}.Release|Any CPU.ActiveCfg = Release|Any CPU
		{F32F0869-7F2C-45BD-A29D-64F068965DDE}.Release|Any CPU.Build.0 = Release|Any CPU
		{719D3C7A-1A22-42D5-AB50-01DDFBED4277}.Debug|Any CPU.ActiveCfg = Debug|Any CPU
		{719D3C7A-1A22-42D5-AB50-01DDFBED4277}.Debug|Any CPU.Build.0 = Debug|Any CPU
		{719D3C7A-1A22-42D5-AB50-01DDFBED4277}.Release|Any CPU.ActiveCfg = Release|Any CPU
		{719D3C7A-1A22-42D5-AB50-01DDFBED4277}.Release|Any CPU.Build.0 = Release|Any CPU
		{67E85000-F22C-47F3-AA9A-14A32EC6FF55}.Debug|Any CPU.ActiveCfg = Debug|Any CPU
		{67E85000-F22C-47F3-AA9A-14A32EC6FF55}.Debug|Any CPU.Build.0 = Debug|Any CPU
		{67E85000-F22C-47F3-AA9A-14A32EC6FF55}.Release|Any CPU.ActiveCfg = Release|Any CPU
		{67E85000-F22C-47F3-AA9A-14A32EC6FF55}.Release|Any CPU.Build.0 = Release|Any CPU
		{F32F0869-7F2C-45BD-A28D-64F068965DDE}.Debug|Any CPU.ActiveCfg = Debug|Any CPU
		{F32F0869-7F2C-45BD-A28D-64F068965DDE}.Debug|Any CPU.Build.0 = Debug|Any CPU
		{F32F0869-7F2C-45BD-A28D-64F068965DDE}.Release|Any CPU.ActiveCfg = Release|Any CPU
		{F32F0869-7F2C-45BD-A28D-64F068965DDE}.Release|Any CPU.Build.0 = Release|Any CPU
		{719D3C7A-1A22-42D5-AB51-01DDFBED4277}.Debug|Any CPU.ActiveCfg = Debug|Any CPU
		{719D3C7A-1A22-42D5-AB51-01DDFBED4277}.Debug|Any CPU.Build.0 = Debug|Any CPU
		{719D3C7A-1A22-42D5-AB51-01DDFBED4277}.Release|Any CPU.ActiveCfg = Release|Any CPU
		{719D3C7A-1A22-42D5-AB51-01DDFBED4277}.Release|Any CPU.Build.0 = Release|Any CPU
		{67E85000-F22C-47F3-AA9B-14A32EC6FF55}.Debug|Any CPU.ActiveCfg = Debug|Any CPU
		{67E85000-F22C-47F3-AA9B-14A32EC6FF55}.Debug|Any CPU.Build.0 = Debug|Any CPU
		{67E85000-F22C-47F3-AA9B-14A32EC6FF55}.Release|Any CPU.ActiveCfg = Release|Any CPU
		{67E85000-F22C-47F3-AA9B-14A32EC6FF55}.Release|Any CPU.Build.0 = Release|Any CPU
	EndGlobalSection
	GlobalSection(SolutionProperties) = preSolution
		HideSolutionNode = FALSE
	EndGlobalSection
	GlobalSection(NestedProjects) = preSolution
		{10B64234-CC27-41A5-B427-B34B3817C746} = {EA1A5D36-7FE4-4C48-9B08-1FC5822CFD5E}
		{F32F0869-7F2C-45BD-A29D-69F068965DDE} = {10B64234-CC27-41A5-B427-B34B3817C746}
		{719D3C7A-1A22-42D5-AB50-03DDFBED4277} = {10B64234-CC27-41A5-B427-B34B3817C746}
		{67E85000-F22C-47F3-AA9A-14A38EC6FF55} = {10B64234-CC27-41A5-B427-B34B3817C746}
		{0697586E-2361-4276-9FEE-DD8B90BCA87E} = {EA1A5D36-7FE4-4C48-9B08-1FC5822CFD5E}
		{F32F0869-7F2C-45BD-A29D-69F068965DDF} = {0697586E-2361-4276-9FEE-DD8B90BCA87E}
		{719D3C7A-1A22-42D5-AB50-03DDFBED4278} = {0697586E-2361-4276-9FEE-DD8B90BCA87E}
		{67E85000-F22C-47F3-AA9A-14A38EC6FF56} = {0697586E-2361-4276-9FEE-DD8B90BCA87E}
		{993E84BE-5FCD-4FEE-B1DE-A28B4820FDAA} = {EA1A5D36-7FE4-4C48-9B08-1FC5822CFD5E}
		{A4B9059F-1B69-4E09-ADA5-D0E149D205CD} = {EA1A5D36-7FE4-4C48-9B08-1FC5822CFD5E}
		{6E36D40B-48DD-4246-8E27-715D4252D29C} = {EA1A5D36-7FE4-4C48-9B08-1FC5822CFD5E}
		{7796CB1D-2B69-4628-A8BD-1B660AF3299E} = {EA1A5D36-7FE4-4C48-9B08-1FC5822CFD5E}
		{F32F0869-7F2C-45BD-A29D-64F068965DDE} = {7796CB1D-2B69-4628-A8BD-1B660AF3299E}
		{719D3C7A-1A22-42D5-AB50-01DDFBED4277} = {7796CB1D-2B69-4628-A8BD-1B660AF3299E}
		{67E85000-F22C-47F3-AA9A-14A32EC6FF55} = {7796CB1D-2B69-4628-A8BD-1B660AF3299E}
		{F32F0869-7F2C-45BD-A28D-64F068965DDE} = {993E84BE-5FCD-4FEE-B1DE-A28B4820FDAA}
		{719D3C7A-1A22-42D5-AB51-01DDFBED4277} = {993E84BE-5FCD-4FEE-B1DE-A28B4820FDAA}
		{67E85000-F22C-47F3-AA9B-14A32EC6FF55} = {993E84BE-5FCD-4FEE-B1DE-A28B4820FDAA}
	EndGlobalSection
	GlobalSection(ExtensibilityGlobals) = postSolution
		SolutionGuid = {2613D59B-626F-4029-A4DA-B51E6DABD4F1}
	EndGlobalSection
EndGlobal
