
Microsoft Visual Studio Solution File, Format Version 12.00
# Visual Studio 15
VisualStudioVersion = 15.0.27004.2008
MinimumVisualStudioVersion = 10.0.40219.1
Project("{9A19103F-16F7-4668-BE54-9A1E7A4F7556}") = "Aggregates.NET", "src\Aggregates.NET\Aggregates.NET.csproj", "{B9A11078-E76E-487E-BA87-C15C184411E6}"
EndProject
Project("{9A19103F-16F7-4668-BE54-9A1E7A4F7556}") = "Aggregates.NET.NServiceBus", "src\Aggregates.NET.NServiceBus\Aggregates.NET.NServiceBus.csproj", "{B2A90B9D-7137-4BEF-AB7A-0C4AEF919811}"
EndProject
Project("{9A19103F-16F7-4668-BE54-9A1E7A4F7556}") = "Aggregates.NET.EventStore", "src\Aggregates.NET.EventStore\Aggregates.NET.EventStore.csproj", "{F0CF4975-DAB3-4B2D-8BA1-2FE3B9B44DF8}"
EndProject
Project("{9A19103F-16F7-4668-BE54-9A1E7A4F7556}") = "Aggregates.NET.NewtonsoftJson", "src\Aggregates.NET.NewtonsoftJson\Aggregates.NET.NewtonsoftJson.csproj", "{1E2FB3FB-94FF-41F0-9D40-5239D911CCB6}"
EndProject
Project("{2150E333-8FDC-42A3-9474-1A3956D46DE8}") = "Samples", "Samples", "{78BFD874-663A-44A5-8DF1-88ED20750147}"
	ProjectSection(SolutionItems) = preProject
		samples\README.md = samples\README.md
	EndProjectSection
EndProject
Project("{FAE04EC0-301F-11D3-BF4B-00C04F79EFBC}") = "Aggregates.NET.StructureMap", "src\Aggregates.NET.StructureMap\Aggregates.NET.StructureMap.csproj", "{672EB778-D80B-4D77-8C02-FF7BCD96BA54}"
EndProject
Project("{FAE04EC0-301F-11D3-BF4B-00C04F79EFBC}") = "Aggregates.NET.UnitTests", "src\Aggregates.NET.UnitTests\Aggregates.NET.UnitTests.csproj", "{0875C868-DF80-4647-9455-684BF6276051}"
EndProject
Project("{9A19103F-16F7-4668-BE54-9A1E7A4F7556}") = "Aggregates.NET.SimpleInjector", "src\Aggregates.NET.SimpleInjector\Aggregates.NET.SimpleInjector.csproj", "{4A6EE14F-F404-4594-A907-2C6F4D849104}"
EndProject
Project("{2150E333-8FDC-42A3-9474-1A3956D46DE8}") = "1. HelloWorld", "1. HelloWorld", "{271493CE-9EC4-4A48-92FB-DBF0B98D09B5}"
	ProjectSection(SolutionItems) = preProject
		samples\1. HelloWorld\README.md = samples\1. HelloWorld\README.md
	EndProjectSection
EndProject
Project("{2150E333-8FDC-42A3-9474-1A3956D46DE8}") = "2. Snapshots", "2. Snapshots", "{64D43702-2C5E-496D-876E-EF909D328760}"
	ProjectSection(SolutionItems) = preProject
		samples\2. Snapshots\README.md = samples\2. Snapshots\README.md
	EndProjectSection
EndProject
Project("{2150E333-8FDC-42A3-9474-1A3956D46DE8}") = "3. Children", "3. Children", "{4A692FAF-4A01-4716-BE94-0C9B4F535348}"
	ProjectSection(SolutionItems) = preProject
		samples\3. Children\README.md = samples\3. Children\README.md
	EndProjectSection
EndProject
Project("{2150E333-8FDC-42A3-9474-1A3956D46DE8}") = "4. Queries", "4. Queries", "{1B634F3D-72A0-40FE-80CB-226BC33A5B06}"
	ProjectSection(SolutionItems) = preProject
		..\Aggregates.NET\src\Samples\4. Queries\README.md = ..\Aggregates.NET\src\Samples\4. Queries\README.md
	EndProjectSection
EndProject
Project("{FAE04EC0-301F-11D3-BF4B-00C04F79EFBC}") = "2. Domain", "samples\2. Snapshots\2. Domain\2. Domain.csproj", "{76EDBD24-2D2C-4720-8E6D-BEF9E79FADE4}"
EndProject
Project("{FAE04EC0-301F-11D3-BF4B-00C04F79EFBC}") = "2. Client", "samples\2. Snapshots\2. Client\2. Client.csproj", "{3AD95ECA-A732-4CD6-B126-2361C3C34841}"
EndProject
Project("{FAE04EC0-301F-11D3-BF4B-00C04F79EFBC}") = "2. Language", "samples\2. Snapshots\2. Language\2. Language.csproj", "{A3A0B66B-EAFD-406D-8136-CAEE98C6ACCF}"
EndProject
Project("{FAE04EC0-301F-11D3-BF4B-00C04F79EFBC}") = "1. Domain", "samples\1. HelloWorld\1. Domain\1. Domain.csproj", "{2AE510D1-86E6-496D-852B-CEC89D2D7BD1}"
EndProject
Project("{FAE04EC0-301F-11D3-BF4B-00C04F79EFBC}") = "1. Client", "samples\1. HelloWorld\1. Client\1. Client.csproj", "{10013E0D-DA25-4A6C-8204-71B19251478A}"
EndProject
Project("{FAE04EC0-301F-11D3-BF4B-00C04F79EFBC}") = "1. Language", "samples\1. HelloWorld\1. Language\1. Language.csproj", "{652DE4B4-ABDD-4A69-B56B-5E2CB50A6BBD}"
EndProject
Project("{FAE04EC0-301F-11D3-BF4B-00C04F79EFBC}") = "3. Domain", "samples\3. Children\3. Domain\3. Domain.csproj", "{F54831E5-944B-414C-8C65-75BABC847910}"
EndProject
Project("{FAE04EC0-301F-11D3-BF4B-00C04F79EFBC}") = "3. Language", "samples\3. Children\3. Language\3. Language.csproj", "{94364013-DFB7-421B-8387-880AB50F1C0F}"
EndProject
Project("{FAE04EC0-301F-11D3-BF4B-00C04F79EFBC}") = "3. Client", "samples\3. Children\3. Client\3. Client.csproj", "{0815EB39-E74F-442E-B7D1-4A30B6442F5B}"
EndProject
Project("{FAE04EC0-301F-11D3-BF4B-00C04F79EFBC}") = "4. Domain", "samples\4. Queries\4. Domain\4. Domain.csproj", "{78D3EAF3-745B-471A-899F-CB5D9FCA5079}"
EndProject
Project("{FAE04EC0-301F-11D3-BF4B-00C04F79EFBC}") = "4. Client", "samples\4. Queries\4. Client\4. Client.csproj", "{1A3D9563-AA08-48CD-8937-12F316B5D79B}"
EndProject
Project("{FAE04EC0-301F-11D3-BF4B-00C04F79EFBC}") = "4. Language", "samples\4. Queries\4. Language\4. Language.csproj", "{BFEE9D30-D425-4773-BE62-C4A9242BF478}"
EndProject
Global
	GlobalSection(SolutionConfigurationPlatforms) = preSolution
		Debug|Any CPU = Debug|Any CPU
		Release|Any CPU = Release|Any CPU
	EndGlobalSection
	GlobalSection(ProjectConfigurationPlatforms) = postSolution
		{B9A11078-E76E-487E-BA87-C15C184411E6}.Debug|Any CPU.ActiveCfg = Debug|Any CPU
		{B9A11078-E76E-487E-BA87-C15C184411E6}.Debug|Any CPU.Build.0 = Debug|Any CPU
		{B9A11078-E76E-487E-BA87-C15C184411E6}.Release|Any CPU.ActiveCfg = Release|Any CPU
		{B9A11078-E76E-487E-BA87-C15C184411E6}.Release|Any CPU.Build.0 = Release|Any CPU
		{B2A90B9D-7137-4BEF-AB7A-0C4AEF919811}.Debug|Any CPU.ActiveCfg = Debug|Any CPU
		{B2A90B9D-7137-4BEF-AB7A-0C4AEF919811}.Debug|Any CPU.Build.0 = Debug|Any CPU
		{B2A90B9D-7137-4BEF-AB7A-0C4AEF919811}.Release|Any CPU.ActiveCfg = Release|Any CPU
		{B2A90B9D-7137-4BEF-AB7A-0C4AEF919811}.Release|Any CPU.Build.0 = Release|Any CPU
		{F0CF4975-DAB3-4B2D-8BA1-2FE3B9B44DF8}.Debug|Any CPU.ActiveCfg = Debug|Any CPU
		{F0CF4975-DAB3-4B2D-8BA1-2FE3B9B44DF8}.Debug|Any CPU.Build.0 = Debug|Any CPU
		{F0CF4975-DAB3-4B2D-8BA1-2FE3B9B44DF8}.Release|Any CPU.ActiveCfg = Release|Any CPU
		{F0CF4975-DAB3-4B2D-8BA1-2FE3B9B44DF8}.Release|Any CPU.Build.0 = Release|Any CPU
		{1E2FB3FB-94FF-41F0-9D40-5239D911CCB6}.Debug|Any CPU.ActiveCfg = Debug|Any CPU
		{1E2FB3FB-94FF-41F0-9D40-5239D911CCB6}.Debug|Any CPU.Build.0 = Debug|Any CPU
		{1E2FB3FB-94FF-41F0-9D40-5239D911CCB6}.Release|Any CPU.ActiveCfg = Release|Any CPU
		{1E2FB3FB-94FF-41F0-9D40-5239D911CCB6}.Release|Any CPU.Build.0 = Release|Any CPU
		{672EB778-D80B-4D77-8C02-FF7BCD96BA54}.Debug|Any CPU.ActiveCfg = Debug|Any CPU
		{672EB778-D80B-4D77-8C02-FF7BCD96BA54}.Debug|Any CPU.Build.0 = Debug|Any CPU
		{672EB778-D80B-4D77-8C02-FF7BCD96BA54}.Release|Any CPU.ActiveCfg = Release|Any CPU
		{672EB778-D80B-4D77-8C02-FF7BCD96BA54}.Release|Any CPU.Build.0 = Release|Any CPU
		{0875C868-DF80-4647-9455-684BF6276051}.Debug|Any CPU.ActiveCfg = Debug|Any CPU
		{0875C868-DF80-4647-9455-684BF6276051}.Debug|Any CPU.Build.0 = Debug|Any CPU
		{0875C868-DF80-4647-9455-684BF6276051}.Release|Any CPU.ActiveCfg = Release|Any CPU
		{0875C868-DF80-4647-9455-684BF6276051}.Release|Any CPU.Build.0 = Release|Any CPU
		{4A6EE14F-F404-4594-A907-2C6F4D849104}.Debug|Any CPU.ActiveCfg = Debug|Any CPU
		{4A6EE14F-F404-4594-A907-2C6F4D849104}.Debug|Any CPU.Build.0 = Debug|Any CPU
		{4A6EE14F-F404-4594-A907-2C6F4D849104}.Release|Any CPU.ActiveCfg = Release|Any CPU
		{4A6EE14F-F404-4594-A907-2C6F4D849104}.Release|Any CPU.Build.0 = Release|Any CPU
		{76EDBD24-2D2C-4720-8E6D-BEF9E79FADE4}.Debug|Any CPU.ActiveCfg = Debug|Any CPU
		{76EDBD24-2D2C-4720-8E6D-BEF9E79FADE4}.Debug|Any CPU.Build.0 = Debug|Any CPU
		{76EDBD24-2D2C-4720-8E6D-BEF9E79FADE4}.Release|Any CPU.ActiveCfg = Release|Any CPU
		{76EDBD24-2D2C-4720-8E6D-BEF9E79FADE4}.Release|Any CPU.Build.0 = Release|Any CPU
		{3AD95ECA-A732-4CD6-B126-2361C3C34841}.Debug|Any CPU.ActiveCfg = Debug|Any CPU
		{3AD95ECA-A732-4CD6-B126-2361C3C34841}.Debug|Any CPU.Build.0 = Debug|Any CPU
		{3AD95ECA-A732-4CD6-B126-2361C3C34841}.Release|Any CPU.ActiveCfg = Release|Any CPU
		{3AD95ECA-A732-4CD6-B126-2361C3C34841}.Release|Any CPU.Build.0 = Release|Any CPU
		{A3A0B66B-EAFD-406D-8136-CAEE98C6ACCF}.Debug|Any CPU.ActiveCfg = Debug|Any CPU
		{A3A0B66B-EAFD-406D-8136-CAEE98C6ACCF}.Debug|Any CPU.Build.0 = Debug|Any CPU
		{A3A0B66B-EAFD-406D-8136-CAEE98C6ACCF}.Release|Any CPU.ActiveCfg = Release|Any CPU
		{A3A0B66B-EAFD-406D-8136-CAEE98C6ACCF}.Release|Any CPU.Build.0 = Release|Any CPU
		{2AE510D1-86E6-496D-852B-CEC89D2D7BD1}.Debug|Any CPU.ActiveCfg = Debug|Any CPU
		{2AE510D1-86E6-496D-852B-CEC89D2D7BD1}.Debug|Any CPU.Build.0 = Debug|Any CPU
		{2AE510D1-86E6-496D-852B-CEC89D2D7BD1}.Release|Any CPU.ActiveCfg = Release|Any CPU
		{2AE510D1-86E6-496D-852B-CEC89D2D7BD1}.Release|Any CPU.Build.0 = Release|Any CPU
		{10013E0D-DA25-4A6C-8204-71B19251478A}.Debug|Any CPU.ActiveCfg = Debug|Any CPU
		{10013E0D-DA25-4A6C-8204-71B19251478A}.Debug|Any CPU.Build.0 = Debug|Any CPU
		{10013E0D-DA25-4A6C-8204-71B19251478A}.Release|Any CPU.ActiveCfg = Release|Any CPU
		{10013E0D-DA25-4A6C-8204-71B19251478A}.Release|Any CPU.Build.0 = Release|Any CPU
		{652DE4B4-ABDD-4A69-B56B-5E2CB50A6BBD}.Debug|Any CPU.ActiveCfg = Debug|Any CPU
		{652DE4B4-ABDD-4A69-B56B-5E2CB50A6BBD}.Debug|Any CPU.Build.0 = Debug|Any CPU
		{652DE4B4-ABDD-4A69-B56B-5E2CB50A6BBD}.Release|Any CPU.ActiveCfg = Release|Any CPU
		{652DE4B4-ABDD-4A69-B56B-5E2CB50A6BBD}.Release|Any CPU.Build.0 = Release|Any CPU
		{F54831E5-944B-414C-8C65-75BABC847910}.Debug|Any CPU.ActiveCfg = Debug|Any CPU
		{F54831E5-944B-414C-8C65-75BABC847910}.Debug|Any CPU.Build.0 = Debug|Any CPU
		{F54831E5-944B-414C-8C65-75BABC847910}.Release|Any CPU.ActiveCfg = Release|Any CPU
		{F54831E5-944B-414C-8C65-75BABC847910}.Release|Any CPU.Build.0 = Release|Any CPU
		{94364013-DFB7-421B-8387-880AB50F1C0F}.Debug|Any CPU.ActiveCfg = Debug|Any CPU
		{94364013-DFB7-421B-8387-880AB50F1C0F}.Debug|Any CPU.Build.0 = Debug|Any CPU
		{94364013-DFB7-421B-8387-880AB50F1C0F}.Release|Any CPU.ActiveCfg = Release|Any CPU
		{94364013-DFB7-421B-8387-880AB50F1C0F}.Release|Any CPU.Build.0 = Release|Any CPU
		{0815EB39-E74F-442E-B7D1-4A30B6442F5B}.Debug|Any CPU.ActiveCfg = Debug|Any CPU
		{0815EB39-E74F-442E-B7D1-4A30B6442F5B}.Debug|Any CPU.Build.0 = Debug|Any CPU
		{0815EB39-E74F-442E-B7D1-4A30B6442F5B}.Release|Any CPU.ActiveCfg = Release|Any CPU
		{0815EB39-E74F-442E-B7D1-4A30B6442F5B}.Release|Any CPU.Build.0 = Release|Any CPU
		{78D3EAF3-745B-471A-899F-CB5D9FCA5079}.Debug|Any CPU.ActiveCfg = Debug|Any CPU
		{78D3EAF3-745B-471A-899F-CB5D9FCA5079}.Debug|Any CPU.Build.0 = Debug|Any CPU
		{78D3EAF3-745B-471A-899F-CB5D9FCA5079}.Release|Any CPU.ActiveCfg = Release|Any CPU
		{78D3EAF3-745B-471A-899F-CB5D9FCA5079}.Release|Any CPU.Build.0 = Release|Any CPU
		{1A3D9563-AA08-48CD-8937-12F316B5D79B}.Debug|Any CPU.ActiveCfg = Debug|Any CPU
		{1A3D9563-AA08-48CD-8937-12F316B5D79B}.Debug|Any CPU.Build.0 = Debug|Any CPU
		{1A3D9563-AA08-48CD-8937-12F316B5D79B}.Release|Any CPU.ActiveCfg = Release|Any CPU
		{1A3D9563-AA08-48CD-8937-12F316B5D79B}.Release|Any CPU.Build.0 = Release|Any CPU
		{BFEE9D30-D425-4773-BE62-C4A9242BF478}.Debug|Any CPU.ActiveCfg = Debug|Any CPU
		{BFEE9D30-D425-4773-BE62-C4A9242BF478}.Debug|Any CPU.Build.0 = Debug|Any CPU
		{BFEE9D30-D425-4773-BE62-C4A9242BF478}.Release|Any CPU.ActiveCfg = Release|Any CPU
		{BFEE9D30-D425-4773-BE62-C4A9242BF478}.Release|Any CPU.Build.0 = Release|Any CPU
	EndGlobalSection
	GlobalSection(SolutionProperties) = preSolution
		HideSolutionNode = FALSE
	EndGlobalSection
	GlobalSection(NestedProjects) = preSolution
		{271493CE-9EC4-4A48-92FB-DBF0B98D09B5} = {78BFD874-663A-44A5-8DF1-88ED20750147}
		{64D43702-2C5E-496D-876E-EF909D328760} = {78BFD874-663A-44A5-8DF1-88ED20750147}
		{4A692FAF-4A01-4716-BE94-0C9B4F535348} = {78BFD874-663A-44A5-8DF1-88ED20750147}
		{1B634F3D-72A0-40FE-80CB-226BC33A5B06} = {78BFD874-663A-44A5-8DF1-88ED20750147}
		{76EDBD24-2D2C-4720-8E6D-BEF9E79FADE4} = {64D43702-2C5E-496D-876E-EF909D328760}
		{3AD95ECA-A732-4CD6-B126-2361C3C34841} = {64D43702-2C5E-496D-876E-EF909D328760}
		{A3A0B66B-EAFD-406D-8136-CAEE98C6ACCF} = {64D43702-2C5E-496D-876E-EF909D328760}
		{2AE510D1-86E6-496D-852B-CEC89D2D7BD1} = {271493CE-9EC4-4A48-92FB-DBF0B98D09B5}
		{10013E0D-DA25-4A6C-8204-71B19251478A} = {271493CE-9EC4-4A48-92FB-DBF0B98D09B5}
		{652DE4B4-ABDD-4A69-B56B-5E2CB50A6BBD} = {271493CE-9EC4-4A48-92FB-DBF0B98D09B5}
		{F54831E5-944B-414C-8C65-75BABC847910} = {4A692FAF-4A01-4716-BE94-0C9B4F535348}
		{94364013-DFB7-421B-8387-880AB50F1C0F} = {4A692FAF-4A01-4716-BE94-0C9B4F535348}
		{0815EB39-E74F-442E-B7D1-4A30B6442F5B} = {4A692FAF-4A01-4716-BE94-0C9B4F535348}
		{78D3EAF3-745B-471A-899F-CB5D9FCA5079} = {1B634F3D-72A0-40FE-80CB-226BC33A5B06}
		{1A3D9563-AA08-48CD-8937-12F316B5D79B} = {1B634F3D-72A0-40FE-80CB-226BC33A5B06}
		{BFEE9D30-D425-4773-BE62-C4A9242BF478} = {1B634F3D-72A0-40FE-80CB-226BC33A5B06}
	EndGlobalSection
	GlobalSection(ExtensibilityGlobals) = postSolution
		SolutionGuid = {743EB920-E480-4A2C-B96E-5B3745783AB8}
	EndGlobalSection
EndGlobal
