{
  "version": 1,
  "dependencies": {
    "net6.0": {
      "EventStore.Client.Grpc.PersistentSubscriptions": {
        "type": "Direct",
        "requested": "[23.0.0, )",
        "resolved": "23.0.0",
        "contentHash": "q000jTkKE5N08/bhnVvBVd5BcBU99ufR8npWUanoRdVjHQXtA67EcTW0hw7xtNIyrEIrjTekVZJkkFZORO6M8Q==",
        "dependencies": {
          "EventStore.Client.Grpc": "23.0.0"
        }
      },
      "EventStore.Client.Grpc.ProjectionManagement": {
        "type": "Direct",
        "requested": "[23.0.0, )",
        "resolved": "23.0.0",
        "contentHash": "ChiKk3AQNUiBD72pxiJNTT9sDW1/RVqZNmyxlLto7Ll2uD07O2rY4o1wSxU515R3EAohHEyPTKfOY47nS7WMFA==",
        "dependencies": {
          "EventStore.Client.Grpc": "23.0.0"
        }
      },
      "EventStore.Client.Grpc.Streams": {
        "type": "Direct",
        "requested": "[23.0.0, )",
        "resolved": "23.0.0",
        "contentHash": "NaAX6KBkGDChl3920nvRgCxq+Io2mn4kfA1/2aQYch4avcLT45sJ7/o67yVKJz7ngWE3Fvq/Af/2AoOm4Fs5eQ==",
        "dependencies": {
          "EventStore.Client.Grpc": "23.0.0"
        }
      },
      "Microsoft.Extensions.DependencyInjection.Abstractions": {
        "type": "Direct",
        "requested": "[7.0.0, )",
        "resolved": "7.0.0",
        "contentHash": "h3j/QfmFN4S0w4C2A6X7arXij/M/OVw3uQHSOFxnND4DyAzO1F9eMX7Eti7lU/OkSthEE0WzRsfT/Dmx86jzCw=="
      },
      "Microsoft.Extensions.Logging.Abstractions": {
        "type": "Direct",
        "requested": "[7.0.0, )",
        "resolved": "7.0.0",
        "contentHash": "kmn78+LPVMOWeITUjIlfxUPDsI0R6G0RkeAMBmQxAJ7vBJn4q2dTva7pWi65ceN5vPGjJ9q/Uae2WKgvfktJAw=="
      },
      "Microsoft.SourceLink.GitHub": {
        "type": "Direct",
        "requested": "[1.1.1, )",
        "resolved": "1.1.1",
        "contentHash": "IaJGnOv/M7UQjRJks7B6p7pbPnOwisYGOIzqCz5ilGFTApZ3ktOR+6zJ12ZRPInulBmdAf1SrGdDG2MU8g6XTw==",
        "dependencies": {
          "Microsoft.Build.Tasks.Git": "1.1.1",
          "Microsoft.SourceLink.Common": "1.1.1"
        }
      },
      "EventStore.Client.Grpc": {
        "type": "Transitive",
        "resolved": "23.0.0",
        "contentHash": "9h9Ch12Zpg4MUWlv/xhiVueFf/lJy8YKmM2DCNxVwFQ2Y+yNh8Q7e/PqDLr7SvGfcsRWkUDl/eI/OfxXvrmraw==",
        "dependencies": {
          "Google.Protobuf": "3.21.9",
          "Grpc.Net.Client": "2.49.0",
          "Microsoft.Extensions.Logging": "6.0.0",
          "System.Linq.Async": "6.0.1"
        }
      },
      "Google.Protobuf": {
        "type": "Transitive",
        "resolved": "3.21.9",
        "contentHash": "OTpFujTgkmqMLbg3KT7F/iuKi1rg6s5FCS2M9XcVLDn40zL8wgXm37CY/F6MeOEXKjdcnXGCN/h7oyMkVydVsg=="
      },
      "Grpc.Core.Api": {
        "type": "Transitive",
        "resolved": "2.49.0",
        "contentHash": "6OTcSQ8iML+xzmELhH4anUZlNM3dHDKPFBsMLSdiT80LJaaZKxwZml/K9ZdfLIjSR/EzdMZzzU2Avbedz4N7BA==",
        "dependencies": {
          "System.Memory": "4.5.3"
        }
      },
      "Grpc.Net.Client": {
        "type": "Transitive",
        "resolved": "2.49.0",
        "contentHash": "mLXxEJzqnRHseVzRCzSQznA7y8pcSStVbstLTUuQRulN7kREovh82ctNkGpkfwONi/DHoWscX9mJLiAmh0gjOQ==",
        "dependencies": {
          "Grpc.Net.Common": "2.49.0",
          "Microsoft.Extensions.Logging.Abstractions": "3.0.3"
        }
      },
      "Grpc.Net.Common": {
        "type": "Transitive",
        "resolved": "2.49.0",
        "contentHash": "G0TVTS8fjCk8b7td/E7C8/ssJPm3JnGVBKsveoj/89PIwIee72qkXG+tVn5c1gwTanEFPdyPoydna/bmU/NAaw==",
        "dependencies": {
          "Grpc.Core.Api": "2.49.0"
        }
      },
      "Microsoft.Bcl.AsyncInterfaces": {
        "type": "Transitive",
        "resolved": "6.0.0",
        "contentHash": "UcSjPsst+DfAdJGVDsu346FX0ci0ah+lw3WRtn18NUwEqRt70HaOQ7lI72vy3+1LxtqI3T5GWwV39rQSrCzAeg=="
      },
      "Microsoft.Build.Tasks.Git": {
        "type": "Transitive",
        "resolved": "1.1.1",
        "contentHash": "AT3HlgTjsqHnWpBHSNeR0KxbLZD7bztlZVj7I8vgeYG9SYqbeFGh0TM/KVtC6fg53nrWHl3VfZFvb5BiQFcY6Q=="
      },
      "Microsoft.CSharp": {
        "type": "Transitive",
        "resolved": "4.7.0",
        "contentHash": "pTj+D3uJWyN3My70i2Hqo+OXixq3Os2D1nJ2x92FFo6sk8fYS1m1WLNTs0Dc1uPaViH0YvEEwvzddQ7y4rhXmA=="
      },
      "Microsoft.Extensions.Configuration.Abstractions": {
        "type": "Transitive",
        "resolved": "7.0.0",
        "contentHash": "f34u2eaqIjNO9YLHBz8rozVZ+TcFiFs0F3r7nUJd7FRkVSxk8u4OpoK226mi49MwexHOR2ibP9MFvRUaLilcQQ==",
        "dependencies": {
          "Microsoft.Extensions.Primitives": "7.0.0"
        }
      },
      "Microsoft.Extensions.DependencyInjection": {
        "type": "Transitive",
        "resolved": "6.0.0",
        "contentHash": "k6PWQMuoBDGGHOQTtyois2u4AwyVcIwL2LaSLlTZQm2CYcJ1pxbt6jfAnpWmzENA/wfrYRI/X9DTLoUkE4AsLw==",
        "dependencies": {
          "Microsoft.Extensions.DependencyInjection.Abstractions": "6.0.0",
          "System.Runtime.CompilerServices.Unsafe": "6.0.0"
        }
      },
      "Microsoft.Extensions.FileProviders.Abstractions": {
        "type": "Transitive",
        "resolved": "7.0.0",
        "contentHash": "NyawiW9ZT/liQb34k9YqBSNPLuuPkrjMgQZ24Y/xXX1RoiBkLUdPMaQTmxhZ5TYu8ZKZ9qayzil75JX95vGQUg==",
        "dependencies": {
          "Microsoft.Extensions.Primitives": "7.0.0"
        }
      },
      "Microsoft.Extensions.Hosting.Abstractions": {
        "type": "Transitive",
        "resolved": "7.0.0",
        "contentHash": "43n9Je09z0p/7ViPxfRqs5BUItRLNVh5b6JH40F2Agkh2NBsY/jpNYTtbCcxrHCsA3oRmbR6RJBzUutB4VZvNQ==",
        "dependencies": {
          "Microsoft.Extensions.Configuration.Abstractions": "7.0.0",
          "Microsoft.Extensions.DependencyInjection.Abstractions": "7.0.0",
          "Microsoft.Extensions.FileProviders.Abstractions": "7.0.0"
        }
      },
      "Microsoft.Extensions.Logging": {
        "type": "Transitive",
        "resolved": "6.0.0",
        "contentHash": "eIbyj40QDg1NDz0HBW0S5f3wrLVnKWnDJ/JtZ+yJDFnDj90VoPuoPmFkeaXrtu+0cKm5GRAwoDf+dBWXK0TUdg==",
        "dependencies": {
          "Microsoft.Extensions.DependencyInjection": "6.0.0",
          "Microsoft.Extensions.DependencyInjection.Abstractions": "6.0.0",
          "Microsoft.Extensions.Logging.Abstractions": "6.0.0",
          "Microsoft.Extensions.Options": "6.0.0",
          "System.Diagnostics.DiagnosticSource": "6.0.0"
        }
      },
      "Microsoft.Extensions.Options": {
        "type": "Transitive",
        "resolved": "6.0.0",
        "contentHash": "dzXN0+V1AyjOe2xcJ86Qbo233KHuLEY0njf/P2Kw8SfJU+d45HNS2ctJdnEnrWbM9Ye2eFgaC5Mj9otRMU6IsQ==",
        "dependencies": {
          "Microsoft.Extensions.DependencyInjection.Abstractions": "6.0.0",
          "Microsoft.Extensions.Primitives": "6.0.0"
        }
      },
      "Microsoft.Extensions.Primitives": {
        "type": "Transitive",
        "resolved": "7.0.0",
        "contentHash": "um1KU5kxcRp3CNuI8o/GrZtD4AIOXDk+RLsytjZ9QPok3ttLUelLKpilVPuaFT3TFjOhSibUAso0odbOaCDj3Q==",
        "dependencies": {
          "System.Runtime.CompilerServices.Unsafe": "6.0.0"
        }
      },
      "Microsoft.SourceLink.Common": {
        "type": "Transitive",
        "resolved": "1.1.1",
        "contentHash": "WMcGpWKrmJmzrNeuaEb23bEMnbtR/vLmvZtkAP5qWu7vQsY59GqfRJd65sFpBszbd2k/bQ8cs8eWawQKAabkVg=="
      },
      "System.Diagnostics.DiagnosticSource": {
        "type": "Transitive",
        "resolved": "6.0.0",
        "contentHash": "frQDfv0rl209cKm1lnwTgFPzNigy2EKk1BS3uAvHvlBVKe5cymGyHO+Sj+NLv5VF/AhHsqPIUUwya5oV4CHMUw==",
        "dependencies": {
          "System.Runtime.CompilerServices.Unsafe": "6.0.0"
        }
      },
      "System.Linq.Async": {
        "type": "Transitive",
        "resolved": "6.0.1",
        "contentHash": "0YhHcaroWpQ9UCot3Pizah7ryAzQhNvobLMSxeDIGmnXfkQn8u5owvpOH0K6EVB+z9L7u6Cc4W17Br/+jyttEQ==",
        "dependencies": {
          "Microsoft.Bcl.AsyncInterfaces": "6.0.0"
        }
      },
      "System.Memory": {
        "type": "Transitive",
        "resolved": "4.5.3",
        "contentHash": "3oDzvc/zzetpTKWMShs1AADwZjQ/36HnsufHRPcOjyRAAMLDlu2iD33MBI2opxnezcVUtXyqDXXjoFMOU9c7SA=="
      },
      "System.Runtime.CompilerServices.Unsafe": {
        "type": "Transitive",
        "resolved": "6.0.0",
        "contentHash": "/iUeP3tq1S0XdNNoMz5C9twLSrM/TH+qElHkXWaPvuNOt+99G75NrV0OS2EqHx5wMN7popYjpc8oTjC1y16DLg=="
      },
      "aggregates.net": {
        "type": "Project",
        "dependencies": {
          "Microsoft.CSharp": "[4.7.0, )",
          "Microsoft.Extensions.DependencyInjection.Abstractions": "[7.0.0, )",
          "Microsoft.Extensions.Hosting.Abstractions": "[7.0.0, )",
          "Microsoft.Extensions.Logging.Abstractions": "[7.0.0, )"
        }
      }
    }
  }
}