{
  "version": 1,
  "dependencies": {
    "net6.0": {
      "Microsoft.SourceLink.GitHub": {
        "type": "Direct",
        "requested": "[1.1.1, )",
        "resolved": "1.1.1",
        "contentHash": "IaJGnOv/M7UQjRJks7B6p7pbPnOwisYGOIzqCz5ilGFTApZ3ktOR+6zJ12ZRPInulBmdAf1SrGdDG2MU8g6XTw==",
        "dependencies": {
          "Microsoft.Build.Tasks.Git": "1.1.1",
          "Microsoft.SourceLink.Common": "1.1.1"
        }
      },
      "Newtonsoft.Json": {
        "type": "Direct",
        "requested": "[13.0.1, )",
        "resolved": "13.0.1",
        "contentHash": "ppPFpBcvxdsfUonNcvITKqLl3bqxWbDCZIzDWHzjpdAHRFfZe0Dw9HmA0+za13IdyrgJwpkDTDA9fHaxOrt20A=="
      },
      "NServiceBus.Callbacks.Testing": {
        "type": "Direct",
        "requested": "[4.0.0, )",
        "resolved": "4.0.0",
        "contentHash": "vToxP5k/fFkkl6YE3y5uEtw2fxb1QCTfCK76oDe2RcFmGGf+nZquN2704lgFePF2u/w74gYuoKxE2OYqJiMTpw==",
        "dependencies": {
          "NServiceBus.Callbacks": "[4.0.0, 5.0.0)",
          "NServiceBus.Testing": "[8.0.0, 9.0.0)"
        }
      },
      "NServiceBus.Testing": {
        "type": "Direct",
        "requested": "[8.0.0, )",
        "resolved": "8.0.0",
        "contentHash": "JDpiEAdcBd5SekSSmTUDt5DW1UGoXFh9eaZbkRdQGhdnI/EfEFuUTCJAFPSBepG44pnsV4GdEr7+Bzs85Rzwrw==",
        "dependencies": {
          "NServiceBus": "[8.0.0, 9.0.0)"
        }
      },
      "Microsoft.Build.Tasks.Git": {
        "type": "Transitive",
        "resolved": "1.1.1",
        "contentHash": "AT3HlgTjsqHnWpBHSNeR0KxbLZD7bztlZVj7I8vgeYG9SYqbeFGh0TM/KVtC6fg53nrWHl3VfZFvb5BiQFcY6Q=="
      },
      "Microsoft.CSharp": {
        "type": "Transitive",
        "resolved": "4.7.0",
        "contentHash": "pTj+D3uJWyN3My70i2Hqo+OXixq3Os2D1nJ2x92FFo6sk8fYS1m1WLNTs0Dc1uPaViH0YvEEwvzddQ7y4rhXmA=="
      },
      "Microsoft.Extensions.Configuration.Abstractions": {
        "type": "Transitive",
        "resolved": "7.0.0",
        "contentHash": "f34u2eaqIjNO9YLHBz8rozVZ+TcFiFs0F3r7nUJd7FRkVSxk8u4OpoK226mi49MwexHOR2ibP9MFvRUaLilcQQ==",
        "dependencies": {
          "Microsoft.Extensions.Primitives": "7.0.0"
        }
      },
      "Microsoft.Extensions.DependencyInjection": {
        "type": "Transitive",
        "resolved": "6.0.0",
        "contentHash": "k6PWQMuoBDGGHOQTtyois2u4AwyVcIwL2LaSLlTZQm2CYcJ1pxbt6jfAnpWmzENA/wfrYRI/X9DTLoUkE4AsLw==",
        "dependencies": {
          "Microsoft.Extensions.DependencyInjection.Abstractions": "6.0.0",
          "System.Runtime.CompilerServices.Unsafe": "6.0.0"
        }
      },
      "Microsoft.Extensions.DependencyInjection.Abstractions": {
        "type": "Transitive",
        "resolved": "7.0.0",
        "contentHash": "h3j/QfmFN4S0w4C2A6X7arXij/M/OVw3uQHSOFxnND4DyAzO1F9eMX7Eti7lU/OkSthEE0WzRsfT/Dmx86jzCw=="
      },
      "Microsoft.Extensions.FileProviders.Abstractions": {
        "type": "Transitive",
        "resolved": "7.0.0",
        "contentHash": "NyawiW9ZT/liQb34k9YqBSNPLuuPkrjMgQZ24Y/xXX1RoiBkLUdPMaQTmxhZ5TYu8ZKZ9qayzil75JX95vGQUg==",
        "dependencies": {
          "Microsoft.Extensions.Primitives": "7.0.0"
        }
      },
      "Microsoft.Extensions.Hosting.Abstractions": {
        "type": "Transitive",
        "resolved": "7.0.0",
        "contentHash": "43n9Je09z0p/7ViPxfRqs5BUItRLNVh5b6JH40F2Agkh2NBsY/jpNYTtbCcxrHCsA3oRmbR6RJBzUutB4VZvNQ==",
        "dependencies": {
          "Microsoft.Extensions.Configuration.Abstractions": "7.0.0",
          "Microsoft.Extensions.DependencyInjection.Abstractions": "7.0.0",
          "Microsoft.Extensions.FileProviders.Abstractions": "7.0.0"
        }
      },
      "Microsoft.Extensions.Logging.Abstractions": {
        "type": "Transitive",
        "resolved": "7.0.0",
        "contentHash": "kmn78+LPVMOWeITUjIlfxUPDsI0R6G0RkeAMBmQxAJ7vBJn4q2dTva7pWi65ceN5vPGjJ9q/Uae2WKgvfktJAw=="
      },
      "Microsoft.Extensions.Primitives": {
        "type": "Transitive",
        "resolved": "7.0.0",
        "contentHash": "um1KU5kxcRp3CNuI8o/GrZtD4AIOXDk+RLsytjZ9QPok3ttLUelLKpilVPuaFT3TFjOhSibUAso0odbOaCDj3Q==",
        "dependencies": {
          "System.Runtime.CompilerServices.Unsafe": "6.0.0"
        }
      },
      "Microsoft.SourceLink.Common": {
        "type": "Transitive",
        "resolved": "1.1.1",
        "contentHash": "WMcGpWKrmJmzrNeuaEb23bEMnbtR/vLmvZtkAP5qWu7vQsY59GqfRJd65sFpBszbd2k/bQ8cs8eWawQKAabkVg=="
      },
      "NServiceBus": {
        "type": "Transitive",
        "resolved": "8.0.0",
        "contentHash": "Q9YcZCmDGH+Yn0BvWYtfc/UKveKM5zTL6wP1W1pLArRN5nEPBOCNUWCzunsMVpb4nIcD0LryJGrs/YatI7fNOA==",
        "dependencies": {
          "Microsoft.Extensions.DependencyInjection": "6.0.0",
          "System.Diagnostics.DiagnosticSource": "6.0.0",
          "System.Security.Cryptography.Xml": "6.0.1"
        }
      },
      "NServiceBus.Callbacks": {
        "type": "Transitive",
        "resolved": "4.0.0",
        "contentHash": "JVPx38X3fm1DweiMIMkkU4RTPxpT7aX6rcWIpniOZZBFTfwUzXpxoAMZlaEYiklCQscyBMA/CRRF2qAo3mBkZw==",
        "dependencies": {
          "NServiceBus": "[8.0.0, 9.0.0)"
        }
      },
      "NServiceBus.Extensions.DependencyInjection": {
        "type": "Transitive",
        "resolved": "2.0.0",
        "contentHash": "JtUmNqxVsG70/YBUcutfjm91nNub0WrztAoXDwPfHeSbz4qw4V1o1mN7fdpXXIhRI3kzV5/V/L17gNuH9uL0lQ==",
        "dependencies": {
          "NServiceBus": "[8.0.0, 9.0.0)"
        }
      },
      "NServiceBus.Extensions.Logging": {
        "type": "Transitive",
        "resolved": "2.0.0",
        "contentHash": "NlWddPZM/xepADdHxOvuvuSf070O7Nuxgv74fBZBGU6LKTYPpEQVPnhNDF79+K8vwD85aed9IoOQxtN1hoW/XQ==",
        "dependencies": {
          "Microsoft.Extensions.Logging.Abstractions": "6.0.2",
          "NServiceBus": "[8.0.0, 9.0.0)"
        }
      },
      "System.Diagnostics.DiagnosticSource": {
        "type": "Transitive",
        "resolved": "6.0.0",
        "contentHash": "frQDfv0rl209cKm1lnwTgFPzNigy2EKk1BS3uAvHvlBVKe5cymGyHO+Sj+NLv5VF/AhHsqPIUUwya5oV4CHMUw==",
        "dependencies": {
          "System.Runtime.CompilerServices.Unsafe": "6.0.0"
        }
      },
      "System.Formats.Asn1": {
        "type": "Transitive",
        "resolved": "6.0.0",
        "contentHash": "T6fD00dQ3NTbPDy31m4eQUwKW84s03z0N2C8HpOklyeaDgaJPa/TexP4/SkORMSOwc7WhKifnA6Ya33AkzmafA=="
      },
      "System.Memory": {
        "type": "Transitive",
        "resolved": "4.5.5",
        "contentHash": "XIWiDvKPXaTveaB7HVganDlOCRoj03l+jrwNvcge/t8vhGYKvqV+dMv6G4SAX2NoNmN0wZfVPTAlFwZcZvVOUw=="
      },
      "System.Runtime.CompilerServices.Unsafe": {
        "type": "Transitive",
        "resolved": "6.0.0",
        "contentHash": "/iUeP3tq1S0XdNNoMz5C9twLSrM/TH+qElHkXWaPvuNOt+99G75NrV0OS2EqHx5wMN7popYjpc8oTjC1y16DLg=="
      },
      "System.Security.AccessControl": {
        "type": "Transitive",
        "resolved": "6.0.0",
        "contentHash": "AUADIc0LIEQe7MzC+I0cl0rAT8RrTAKFHl53yHjEUzNVIaUlhFY11vc2ebiVJzVBuOzun6F7FBA+8KAbGTTedQ=="
      },
      "System.Security.Cryptography.Pkcs": {
        "type": "Transitive",
        "resolved": "6.0.1",
        "contentHash": "ynmbW2GjIGg9K1wXmVIRs4IlyDolf0JXNpzFQ8JCVgwM+myUC2JeUggl2PwQig2PNVMegKmN1aAx7WPQ8tI3vA==",
        "dependencies": {
          "System.Formats.Asn1": "6.0.0"
        }
      },
      "System.Security.Cryptography.Xml": {
        "type": "Transitive",
        "resolved": "6.0.1",
        "contentHash": "5e5bI28T0x73AwTsbuFP4qSRzthmU2C0Gqgg3AZ3KTxmSyA+Uhk31puA3srdaeWaacVnHhLdJywCzqOiEpbO/w==",
        "dependencies": {
          "System.Security.AccessControl": "6.0.0",
          "System.Security.Cryptography.Pkcs": "6.0.1"
        }
      },
      "aggregates.net": {
        "type": "Project",
        "dependencies": {
          "Microsoft.CSharp": "4.7.0",
          "Microsoft.Extensions.DependencyInjection.Abstractions": "7.0.0",
          "Microsoft.Extensions.Hosting.Abstractions": "7.0.0",
          "Microsoft.Extensions.Logging.Abstractions": "7.0.0"
        }
      },
      "aggregates.net.nservicebus": {
        "type": "Project",
        "dependencies": {
          "Aggregates.NET": "1.0.0",
          "Microsoft.Extensions.DependencyInjection.Abstractions": "7.0.0",
          "NServiceBus": "8.0.0",
          "NServiceBus.Callbacks": "4.0.0",
          "NServiceBus.Extensions.DependencyInjection": "2.0.0",
          "NServiceBus.Extensions.Logging": "2.0.0",
          "System.Memory": "4.5.5"
        }
      }
    }
  }
}