
Microsoft Visual Studio Solution File, Format Version 12.00
# Visual Studio 15
VisualStudioVersion = 15.0.27004.2008
MinimumVisualStudioVersion = 10.0.40219.1
Project("{2150E333-8FDC-42A3-9474-1A3956D46DE8}") = "1. HelloWorld", "1. HelloWorld", "{C8CD25C6-EE4E-4911-8F36-DE3B71210515}"
EndProject
Project("{2150E333-8FDC-42A3-9474-1A3956D46DE8}") = "2. Snapshots", "2. Snapshots", "{1E2C6891-8710-4C56-B32F-6C8A860FD3D6}"
EndProject
Project("{2150E333-8FDC-42A3-9474-1A3956D46DE8}") = "3. Children", "3. Children", "{1905DA56-508B-4D78-B3D7-AE28819B7CEF}"
EndProject
Project("{2150E333-8FDC-42A3-9474-1A3956D46DE8}") = "4. Queries", "4. Queries", "{08738E17-C56D-46FE-B054-6A080474CA4A}"
EndProject
Project("{9A19103F-16F7-4668-BE54-9A1E7A4F7556}") = "1. Client", "1. HelloWorld\1. Client\1. Client.csproj", "{E8AF33EC-3869-4641-8008-6B12E2A9B272}"
EndProject
Project("{9A19103F-16F7-4668-BE54-9A1E7A4F7556}") = "1. Domain", "1. HelloWorld\1. Domain\1. Domain.csproj", "{AD1B25A1-8C40-401F-A7C7-B39C2BD9D9F3}"
EndProject
Project("{9A19103F-16F7-4668-BE54-9A1E7A4F7556}") = "1. Language", "1. HelloWorld\1. Language\1. Language.csproj", "{B7258891-3149-421C-AFF6-DBAA4537629D}"
EndProject
Project("{9A19103F-16F7-4668-BE54-9A1E7A4F7556}") = "1. Tests", "1. HelloWorld\1. Tests\1. Tests.csproj", "{D2CFDCBF-BC82-4448-982A-063AF2AF4006}"
EndProject
Project("{9A19103F-16F7-4668-BE54-9A1E7A4F7556}") = "2. Client", "2. Snapshots\2. Client\2. Client.csproj", "{B7448A36-5DAB-44DF-96C6-4B390D70C0EE}"
EndProject
Project("{9A19103F-16F7-4668-BE54-9A1E7A4F7556}") = "2. Domain", "2. Snapshots\2. Domain\2. Domain.csproj", "{0303791F-E33C-4D04-81E1-0F39C7D0BF24}"
EndProject
Project("{9A19103F-16F7-4668-BE54-9A1E7A4F7556}") = "2. Language", "2. Snapshots\2. Language\2. Language.csproj", "{D8E8A83B-533C-4716-96DB-1A9D8C7DF9D7}"
EndProject
Project("{9A19103F-16F7-4668-BE54-9A1E7A4F7556}") = "3. Client", "3. Children\3. Client\3. Client.csproj", "{1A2D48BF-F391-4FF3-94BA-4B002B66D360}"
EndProject
Project("{9A19103F-16F7-4668-BE54-9A1E7A4F7556}") = "3. Domain", "3. Children\3. Domain\3. Domain.csproj", "{8ED1371D-4702-4883-8CE7-0129326A5C1E}"
EndProject
Project("{9A19103F-16F7-4668-BE54-9A1E7A4F7556}") = "3. Language", "3. Children\3. Language\3. Language.csproj", "{CE7B5596-E474-48A2-B39B-E7F7AB0C7065}"
EndProject
Project("{9A19103F-16F7-4668-BE54-9A1E7A4F7556}") = "3. Tests", "3. Children\3. Tests\3. Tests.csproj", "{5F88D3AF-D189-4E45-B7B9-DFD9E5678ECD}"
EndProject
Project("{9A19103F-16F7-4668-BE54-9A1E7A4F7556}") = "4. Client", "4. Queries\4. Client\4. Client.csproj", "{2F3B9CDD-24AF-4AD3-98BF-31BB62538982}"
EndProject
Project("{9A19103F-16F7-4668-BE54-9A1E7A4F7556}") = "4. Domain", "4. Queries\4. Domain\4. Domain.csproj", "{BB2278DC-3EC0-4973-BDA3-CE6FD9BA7A73}"
EndProject
Project("{9A19103F-16F7-4668-BE54-9A1E7A4F7556}") = "4. Language", "4. Queries\4. Language\4. Language.csproj", "{A9B4385A-1973-4713-8399-ECD25028360A}"
EndProject
Project("{2150E333-8FDC-42A3-9474-1A3956D46DE8}") = "5. Command Saga", "5. Command Saga", "{2A27C41E-EE0C-4693-A792-76E5252F6CAF}"
EndProject
Project("{9A19103F-16F7-4668-BE54-9A1E7A4F7556}") = "5. Client", "5. Command Saga\5. Client\5. Client.csproj", "{707F29BE-EF52-4978-827C-0028E8E9E685}"
EndProject
Project("{9A19103F-16F7-4668-BE54-9A1E7A4F7556}") = "5. Domain", "5. Command Saga\5. Domain\5. Domain.csproj", "{6A14B073-69B2-4643-A98B-8F38930696A7}"
EndProject
Project("{9A19103F-16F7-4668-BE54-9A1E7A4F7556}") = "5. Language", "5. Command Saga\5. Language\5. Language.csproj", "{F0E41EE1-1BE1-4F7B-9F99-6CB3FE8FF1CF}"
EndProject
Project("{9A19103F-16F7-4668-BE54-9A1E7A4F7556}") = "5. Tests", "5. Command Saga\5. Tests\5. Tests.csproj", "{BB01D35D-6105-4DC8-B561-27E790B8EB33}"
EndProject
Global
	GlobalSection(SolutionConfigurationPlatforms) = preSolution
		Debug|Any CPU = Debug|Any CPU
		Release|Any CPU = Release|Any CPU
	EndGlobalSection
	GlobalSection(ProjectConfigurationPlatforms) = postSolution
		{E8AF33EC-3869-4641-8008-6B12E2A9B272}.Debug|Any CPU.ActiveCfg = Debug|Any CPU
		{E8AF33EC-3869-4641-8008-6B12E2A9B272}.Debug|Any CPU.Build.0 = Debug|Any CPU
		{E8AF33EC-3869-4641-8008-6B12E2A9B272}.Release|Any CPU.ActiveCfg = Release|Any CPU
		{E8AF33EC-3869-4641-8008-6B12E2A9B272}.Release|Any CPU.Build.0 = Release|Any CPU
		{AD1B25A1-8C40-401F-A7C7-B39C2BD9D9F3}.Debug|Any CPU.ActiveCfg = Debug|Any CPU
		{AD1B25A1-8C40-401F-A7C7-B39C2BD9D9F3}.Debug|Any CPU.Build.0 = Debug|Any CPU
		{AD1B25A1-8C40-401F-A7C7-B39C2BD9D9F3}.Release|Any CPU.ActiveCfg = Release|Any CPU
		{AD1B25A1-8C40-401F-A7C7-B39C2BD9D9F3}.Release|Any CPU.Build.0 = Release|Any CPU
		{B7258891-3149-421C-AFF6-DBAA4537629D}.Debug|Any CPU.ActiveCfg = Debug|Any CPU
		{B7258891-3149-421C-AFF6-DBAA4537629D}.Debug|Any CPU.Build.0 = Debug|Any CPU
		{B7258891-3149-421C-AFF6-DBAA4537629D}.Release|Any CPU.ActiveCfg = Release|Any CPU
		{B7258891-3149-421C-AFF6-DBAA4537629D}.Release|Any CPU.Build.0 = Release|Any CPU
		{D2CFDCBF-BC82-4448-982A-063AF2AF4006}.Debug|Any CPU.ActiveCfg = Debug|Any CPU
		{D2CFDCBF-BC82-4448-982A-063AF2AF4006}.Debug|Any CPU.Build.0 = Debug|Any CPU
		{D2CFDCBF-BC82-4448-982A-063AF2AF4006}.Release|Any CPU.ActiveCfg = Release|Any CPU
		{D2CFDCBF-BC82-4448-982A-063AF2AF4006}.Release|Any CPU.Build.0 = Release|Any CPU
		{B7448A36-5DAB-44DF-96C6-4B390D70C0EE}.Debug|Any CPU.ActiveCfg = Debug|Any CPU
		{B7448A36-5DAB-44DF-96C6-4B390D70C0EE}.Debug|Any CPU.Build.0 = Debug|Any CPU
		{B7448A36-5DAB-44DF-96C6-4B390D70C0EE}.Release|Any CPU.ActiveCfg = Release|Any CPU
		{B7448A36-5DAB-44DF-96C6-4B390D70C0EE}.Release|Any CPU.Build.0 = Release|Any CPU
		{0303791F-E33C-4D04-81E1-0F39C7D0BF24}.Debug|Any CPU.ActiveCfg = Debug|Any CPU
		{0303791F-E33C-4D04-81E1-0F39C7D0BF24}.Debug|Any CPU.Build.0 = Debug|Any CPU
		{0303791F-E33C-4D04-81E1-0F39C7D0BF24}.Release|Any CPU.ActiveCfg = Release|Any CPU
		{0303791F-E33C-4D04-81E1-0F39C7D0BF24}.Release|Any CPU.Build.0 = Release|Any CPU
		{D8E8A83B-533C-4716-96DB-1A9D8C7DF9D7}.Debug|Any CPU.ActiveCfg = Debug|Any CPU
		{D8E8A83B-533C-4716-96DB-1A9D8C7DF9D7}.Debug|Any CPU.Build.0 = Debug|Any CPU
		{D8E8A83B-533C-4716-96DB-1A9D8C7DF9D7}.Release|Any CPU.ActiveCfg = Release|Any CPU
		{D8E8A83B-533C-4716-96DB-1A9D8C7DF9D7}.Release|Any CPU.Build.0 = Release|Any CPU
		{1A2D48BF-F391-4FF3-94BA-4B002B66D360}.Debug|Any CPU.ActiveCfg = Debug|Any CPU
		{1A2D48BF-F391-4FF3-94BA-4B002B66D360}.Debug|Any CPU.Build.0 = Debug|Any CPU
		{1A2D48BF-F391-4FF3-94BA-4B002B66D360}.Release|Any CPU.ActiveCfg = Release|Any CPU
		{1A2D48BF-F391-4FF3-94BA-4B002B66D360}.Release|Any CPU.Build.0 = Release|Any CPU
		{8ED1371D-4702-4883-8CE7-0129326A5C1E}.Debug|Any CPU.ActiveCfg = Debug|Any CPU
		{8ED1371D-4702-4883-8CE7-0129326A5C1E}.Debug|Any CPU.Build.0 = Debug|Any CPU
		{8ED1371D-4702-4883-8CE7-0129326A5C1E}.Release|Any CPU.ActiveCfg = Release|Any CPU
		{8ED1371D-4702-4883-8CE7-0129326A5C1E}.Release|Any CPU.Build.0 = Release|Any CPU
		{CE7B5596-E474-48A2-B39B-E7F7AB0C7065}.Debug|Any CPU.ActiveCfg = Debug|Any CPU
		{CE7B5596-E474-48A2-B39B-E7F7AB0C7065}.Debug|Any CPU.Build.0 = Debug|Any CPU
		{CE7B5596-E474-48A2-B39B-E7F7AB0C7065}.Release|Any CPU.ActiveCfg = Release|Any CPU
		{CE7B5596-E474-48A2-B39B-E7F7AB0C7065}.Release|Any CPU.Build.0 = Release|Any CPU
		{5F88D3AF-D189-4E45-B7B9-DFD9E5678ECD}.Debug|Any CPU.ActiveCfg = Debug|Any CPU
		{5F88D3AF-D189-4E45-B7B9-DFD9E5678ECD}.Debug|Any CPU.Build.0 = Debug|Any CPU
		{5F88D3AF-D189-4E45-B7B9-DFD9E5678ECD}.Release|Any CPU.ActiveCfg = Release|Any CPU
		{5F88D3AF-D189-4E45-B7B9-DFD9E5678ECD}.Release|Any CPU.Build.0 = Release|Any CPU
		{2F3B9CDD-24AF-4AD3-98BF-31BB62538982}.Debug|Any CPU.ActiveCfg = Debug|Any CPU
		{2F3B9CDD-24AF-4AD3-98BF-31BB62538982}.Debug|Any CPU.Build.0 = Debug|Any CPU
		{2F3B9CDD-24AF-4AD3-98BF-31BB62538982}.Release|Any CPU.ActiveCfg = Release|Any CPU
		{2F3B9CDD-24AF-4AD3-98BF-31BB62538982}.Release|Any CPU.Build.0 = Release|Any CPU
		{BB2278DC-3EC0-4973-BDA3-CE6FD9BA7A73}.Debug|Any CPU.ActiveCfg = Debug|Any CPU
		{BB2278DC-3EC0-4973-BDA3-CE6FD9BA7A73}.Debug|Any CPU.Build.0 = Debug|Any CPU
		{BB2278DC-3EC0-4973-BDA3-CE6FD9BA7A73}.Release|Any CPU.ActiveCfg = Release|Any CPU
		{BB2278DC-3EC0-4973-BDA3-CE6FD9BA7A73}.Release|Any CPU.Build.0 = Release|Any CPU
		{A9B4385A-1973-4713-8399-ECD25028360A}.Debug|Any CPU.ActiveCfg = Debug|Any CPU
		{A9B4385A-1973-4713-8399-ECD25028360A}.Debug|Any CPU.Build.0 = Debug|Any CPU
		{A9B4385A-1973-4713-8399-ECD25028360A}.Release|Any CPU.ActiveCfg = Release|Any CPU
		{A9B4385A-1973-4713-8399-ECD25028360A}.Release|Any CPU.Build.0 = Release|Any CPU
		{707F29BE-EF52-4978-827C-0028E8E9E685}.Debug|Any CPU.ActiveCfg = Debug|Any CPU
		{707F29BE-EF52-4978-827C-0028E8E9E685}.Debug|Any CPU.Build.0 = Debug|Any CPU
		{707F29BE-EF52-4978-827C-0028E8E9E685}.Release|Any CPU.ActiveCfg = Release|Any CPU
		{707F29BE-EF52-4978-827C-0028E8E9E685}.Release|Any CPU.Build.0 = Release|Any CPU
		{6A14B073-69B2-4643-A98B-8F38930696A7}.Debug|Any CPU.ActiveCfg = Debug|Any CPU
		{6A14B073-69B2-4643-A98B-8F38930696A7}.Debug|Any CPU.Build.0 = Debug|Any CPU
		{6A14B073-69B2-4643-A98B-8F38930696A7}.Release|Any CPU.ActiveCfg = Release|Any CPU
		{6A14B073-69B2-4643-A98B-8F38930696A7}.Release|Any CPU.Build.0 = Release|Any CPU
		{F0E41EE1-1BE1-4F7B-9F99-6CB3FE8FF1CF}.Debug|Any CPU.ActiveCfg = Debug|Any CPU
		{F0E41EE1-1BE1-4F7B-9F99-6CB3FE8FF1CF}.Debug|Any CPU.Build.0 = Debug|Any CPU
		{F0E41EE1-1BE1-4F7B-9F99-6CB3FE8FF1CF}.Release|Any CPU.ActiveCfg = Release|Any CPU
		{F0E41EE1-1BE1-4F7B-9F99-6CB3FE8FF1CF}.Release|Any CPU.Build.0 = Release|Any CPU
		{BB01D35D-6105-4DC8-B561-27E790B8EB33}.Debug|Any CPU.ActiveCfg = Debug|Any CPU
		{BB01D35D-6105-4DC8-B561-27E790B8EB33}.Debug|Any CPU.Build.0 = Debug|Any CPU
		{BB01D35D-6105-4DC8-B561-27E790B8EB33}.Release|Any CPU.ActiveCfg = Release|Any CPU
		{BB01D35D-6105-4DC8-B561-27E790B8EB33}.Release|Any CPU.Build.0 = Release|Any CPU
	EndGlobalSection
	GlobalSection(SolutionProperties) = preSolution
		HideSolutionNode = FALSE
	EndGlobalSection
	GlobalSection(NestedProjects) = preSolution
		{E8AF33EC-3869-4641-8008-6B12E2A9B272} = {C8CD25C6-EE4E-4911-8F36-DE3B71210515}
		{AD1B25A1-8C40-401F-A7C7-B39C2BD9D9F3} = {C8CD25C6-EE4E-4911-8F36-DE3B71210515}
		{B7258891-3149-421C-AFF6-DBAA4537629D} = {C8CD25C6-EE4E-4911-8F36-DE3B71210515}
		{D2CFDCBF-BC82-4448-982A-063AF2AF4006} = {C8CD25C6-EE4E-4911-8F36-DE3B71210515}
		{B7448A36-5DAB-44DF-96C6-4B390D70C0EE} = {1E2C6891-8710-4C56-B32F-6C8A860FD3D6}
		{0303791F-E33C-4D04-81E1-0F39C7D0BF24} = {1E2C6891-8710-4C56-B32F-6C8A860FD3D6}
		{D8E8A83B-533C-4716-96DB-1A9D8C7DF9D7} = {1E2C6891-8710-4C56-B32F-6C8A860FD3D6}
		{1A2D48BF-F391-4FF3-94BA-4B002B66D360} = {1905DA56-508B-4D78-B3D7-AE28819B7CEF}
		{8ED1371D-4702-4883-8CE7-0129326A5C1E} = {1905DA56-508B-4D78-B3D7-AE28819B7CEF}
		{CE7B5596-E474-48A2-B39B-E7F7AB0C7065} = {1905DA56-508B-4D78-B3D7-AE28819B7CEF}
		{5F88D3AF-D189-4E45-B7B9-DFD9E5678ECD} = {1905DA56-508B-4D78-B3D7-AE28819B7CEF}
		{2F3B9CDD-24AF-4AD3-98BF-31BB62538982} = {08738E17-C56D-46FE-B054-6A080474CA4A}
		{BB2278DC-3EC0-4973-BDA3-CE6FD9BA7A73} = {08738E17-C56D-46FE-B054-6A080474CA4A}
		{A9B4385A-1973-4713-8399-ECD25028360A} = {08738E17-C56D-46FE-B054-6A080474CA4A}
		{707F29BE-EF52-4978-827C-0028E8E9E685} = {2A27C41E-EE0C-4693-A792-76E5252F6CAF}
		{6A14B073-69B2-4643-A98B-8F38930696A7} = {2A27C41E-EE0C-4693-A792-76E5252F6CAF}
		{F0E41EE1-1BE1-4F7B-9F99-6CB3FE8FF1CF} = {2A27C41E-EE0C-4693-A792-76E5252F6CAF}
		{BB01D35D-6105-4DC8-B561-27E790B8EB33} = {2A27C41E-EE0C-4693-A792-76E5252F6CAF}
	EndGlobalSection
	GlobalSection(ExtensibilityGlobals) = postSolution
		SolutionGuid = {855291E4-CE89-496D-BE0A-84F5500D2DE3}
	EndGlobalSection
EndGlobal
