
Microsoft Visual Studio Solution File, Format Version 12.00
# Visual Studio 14
VisualStudioVersion = 14.0.25420.1
MinimumVisualStudioVersion = 10.0.40219.1
Project("{FAE04EC0-301F-11D3-BF4B-00C04F79EFBC}") = "Domain", "Domain\Domain.csproj", "{1F34E7EE-D552-4DD5-BB4F-DF2EDDB7F152}"
EndProject
Project("{FAE04EC0-301F-11D3-BF4B-00C04F79EFBC}") = "Trader", "Trader\Trader.csproj", "{99D99EF4-A7ED-4948-A557-C0FB36049955}"
EndProject
Project("{FAE04EC0-301F-11D3-BF4B-00C04F79EFBC}") = "FrontDesk", "FrontDesk\FrontDesk.csproj", "{5B63D78F-7851-43C5-9693-73D52DCA0202}"
EndProject
Project("{FAE04EC0-301F-11D3-BF4B-00C04F79EFBC}") = "Shared", "Shared\Shared.csproj", "{DF12E0AC-EDF5-43A7-8B7A-1A9C69D5C75B}"
EndProject
Global
	GlobalSection(SolutionConfigurationPlatforms) = preSolution
		Debug|Any CPU = Debug|Any CPU
		Release|Any CPU = Release|Any CPU
	EndGlobalSection
	GlobalSection(ProjectConfigurationPlatforms) = postSolution
		{1F34E7EE-D552-4DD5-BB4F-DF2EDDB7F152}.Debug|Any CPU.ActiveCfg = Debug|Any CPU
		{1F34E7EE-D552-4DD5-BB4F-DF2EDDB7F152}.Debug|Any CPU.Build.0 = Debug|Any CPU
		{1F34E7EE-D552-4DD5-BB4F-DF2EDDB7F152}.Release|Any CPU.ActiveCfg = Release|Any CPU
		{1F34E7EE-D552-4DD5-BB4F-DF2EDDB7F152}.Release|Any CPU.Build.0 = Release|Any CPU
		{99D99EF4-A7ED-4948-A557-C0FB36049955}.Debug|Any CPU.ActiveCfg = Debug|Any CPU
		{99D99EF4-A7ED-4948-A557-C0FB36049955}.Debug|Any CPU.Build.0 = Debug|Any CPU
		{99D99EF4-A7ED-4948-A557-C0FB36049955}.Release|Any CPU.ActiveCfg = Release|Any CPU
		{99D99EF4-A7ED-4948-A557-C0FB36049955}.Release|Any CPU.Build.0 = Release|Any CPU
		{5B63D78F-7851-43C5-9693-73D52DCA0202}.Debug|Any CPU.ActiveCfg = Debug|Any CPU
		{5B63D78F-7851-43C5-9693-73D52DCA0202}.Debug|Any CPU.Build.0 = Debug|Any CPU
		{5B63D78F-7851-43C5-9693-73D52DCA0202}.Release|Any CPU.ActiveCfg = Release|Any CPU
		{5B63D78F-7851-43C5-9693-73D52DCA0202}.Release|Any CPU.Build.0 = Release|Any CPU
		{DF12E0AC-EDF5-43A7-8B7A-1A9C69D5C75B}.Debug|Any CPU.ActiveCfg = Debug|Any CPU
		{DF12E0AC-EDF5-43A7-8B7A-1A9C69D5C75B}.Debug|Any CPU.Build.0 = Debug|Any CPU
		{DF12E0AC-EDF5-43A7-8B7A-1A9C69D5C75B}.Release|Any CPU.ActiveCfg = Release|Any CPU
		{DF12E0AC-EDF5-43A7-8B7A-1A9C69D5C75B}.Release|Any CPU.Build.0 = Release|Any CPU
	EndGlobalSection
	GlobalSection(SolutionProperties) = preSolution
		HideSolutionNode = FALSE
	EndGlobalSection
EndGlobal
