
Microsoft Visual Studio Solution File, Format Version 12.00
# Visual Studio Version 16
VisualStudioVersion = 16.0.31019.35
MinimumVisualStudioVersion = 10.0.40219.1
Project("{9A19103F-16F7-4668-BE54-9A1E7A4F7556}") = "Build", "Build.csproj", "{ECB05685-1C58-451B-849F-7DA8B16F0E7D}"
EndProject
Global
	GlobalSection(SolutionConfigurationPlatforms) = preSolution
		Debug|Any CPU = Debug|Any CPU
		Release|Any CPU = Release|Any CPU
	EndGlobalSection
	GlobalSection(ProjectConfigurationPlatforms) = postSolution
		{ECB05685-1C58-451B-849F-7DA8B16F0E7D}.Debug|Any CPU.ActiveCfg = Debug|Any CPU
		{ECB05685-1C58-451B-849F-7DA8B16F0E7D}.Debug|Any CPU.Build.0 = Debug|Any CPU
		{ECB05685-1C58-451B-849F-7DA8B16F0E7D}.Release|Any CPU.ActiveCfg = Release|Any CPU
		{ECB05685-1C58-451B-849F-7DA8B16F0E7D}.Release|Any CPU.Build.0 = Release|Any CPU
	EndGlobalSection
	GlobalSection(SolutionProperties) = preSolution
		HideSolutionNode = FALSE
	EndGlobalSection
	GlobalSection(ExtensibilityGlobals) = postSolution
		SolutionGuid = {B4C9AF56-EAF9-4C6D-94B8-D28E5F6E6F94}
	EndGlobalSection
EndGlobal
