
Microsoft Visual Studio Solution File, Format Version 12.00
# Visual Studio 14
VisualStudioVersion = 14.0.25123.0
MinimumVisualStudioVersion = 10.0.40219.1
Project("{FAE04EC0-301F-11D3-BF4B-00C04F79EFBC}") = "Aggregates.NET", "Aggregates.NET\Aggregates.NET.csproj", "{EC7040E2-7A13-4447-900D-6ED57328E5DF}"
EndProject
Project("{2150E333-8FDC-42A3-9474-1A3956D46DE8}") = "Solution Items", "Solution Items", "{A82C3E3A-11AA-4C4C-B641-6CB4174606A4}"
	ProjectSection(SolutionItems) = preProject
		..\appveyor.yml = ..\appveyor.yml
		..\build.bat = ..\build.bat
		..\build.ps1 = ..\build.ps1
		..\default.ps1 = ..\default.ps1
		..\LICENSE = ..\LICENSE
		..\README.md = ..\README.md
		SharedAssemblyInfo.cs = SharedAssemblyInfo.cs
	EndProjectSection
EndProject
Project("{2150E333-8FDC-42A3-9474-1A3956D46DE8}") = "NuGet", "NuGet", "{0A5B9348-0BC6-451D-AA97-6EB46B382F72}"
	ProjectSection(SolutionItems) = preProject
		..\NuGet\BuildFunctions.psm1 = ..\NuGet\BuildFunctions.psm1
		..\NuGet\NuGet.exe = ..\NuGet\NuGet.exe
	EndProjectSection
EndProject
Project("{FAE04EC0-301F-11D3-BF4B-00C04F79EFBC}") = "Aggregates.NET.Domain", "Aggregates.NET.Domain\Aggregates.NET.Domain.csproj", "{44ABA11E-6ABD-4BDF-9FB4-02C2852BAADF}"
EndProject
Project("{FAE04EC0-301F-11D3-BF4B-00C04F79EFBC}") = "Aggregates.NET.Consumer", "Aggregates.NET.Consumer\Aggregates.NET.Consumer.csproj", "{4D1DF1D2-39E0-4F9F-9E2A-7A9C57420B9F}"
EndProject
Project("{FAE04EC0-301F-11D3-BF4B-00C04F79EFBC}") = "Aggregates.NET.GetEventStore", "Aggregates.NET.GetEventStore\Aggregates.NET.GetEventStore.csproj", "{CF5BC870-C30B-45DE-B440-2CBD740CE370}"
EndProject
Project("{FAE04EC0-301F-11D3-BF4B-00C04F79EFBC}") = "Aggregates.NET.UnitTests", "Aggregates.NET.UnitTests\Aggregates.NET.UnitTests.csproj", "{836DF042-3EE1-4D7E-A85D-C79511765B3C}"
EndProject
Global
	GlobalSection(SolutionConfigurationPlatforms) = preSolution
		Debug|Any CPU = Debug|Any CPU
		Release|Any CPU = Release|Any CPU
	EndGlobalSection
	GlobalSection(ProjectConfigurationPlatforms) = postSolution
		{EC7040E2-7A13-4447-900D-6ED57328E5DF}.Debug|Any CPU.ActiveCfg = Debug|Any CPU
		{EC7040E2-7A13-4447-900D-6ED57328E5DF}.Debug|Any CPU.Build.0 = Debug|Any CPU
		{EC7040E2-7A13-4447-900D-6ED57328E5DF}.Release|Any CPU.ActiveCfg = Release|Any CPU
		{EC7040E2-7A13-4447-900D-6ED57328E5DF}.Release|Any CPU.Build.0 = Release|Any CPU
		{44ABA11E-6ABD-4BDF-9FB4-02C2852BAADF}.Debug|Any CPU.ActiveCfg = Debug|Any CPU
		{44ABA11E-6ABD-4BDF-9FB4-02C2852BAADF}.Debug|Any CPU.Build.0 = Debug|Any CPU
		{44ABA11E-6ABD-4BDF-9FB4-02C2852BAADF}.Release|Any CPU.ActiveCfg = Release|Any CPU
		{44ABA11E-6ABD-4BDF-9FB4-02C2852BAADF}.Release|Any CPU.Build.0 = Release|Any CPU
		{4D1DF1D2-39E0-4F9F-9E2A-7A9C57420B9F}.Debug|Any CPU.ActiveCfg = Debug|Any CPU
		{4D1DF1D2-39E0-4F9F-9E2A-7A9C57420B9F}.Debug|Any CPU.Build.0 = Debug|Any CPU
		{4D1DF1D2-39E0-4F9F-9E2A-7A9C57420B9F}.Release|Any CPU.ActiveCfg = Release|Any CPU
		{4D1DF1D2-39E0-4F9F-9E2A-7A9C57420B9F}.Release|Any CPU.Build.0 = Release|Any CPU
		{CF5BC870-C30B-45DE-B440-2CBD740CE370}.Debug|Any CPU.ActiveCfg = Debug|Any CPU
		{CF5BC870-C30B-45DE-B440-2CBD740CE370}.Debug|Any CPU.Build.0 = Debug|Any CPU
		{CF5BC870-C30B-45DE-B440-2CBD740CE370}.Release|Any CPU.ActiveCfg = Release|Any CPU
		{CF5BC870-C30B-45DE-B440-2CBD740CE370}.Release|Any CPU.Build.0 = Release|Any CPU
		{836DF042-3EE1-4D7E-A85D-C79511765B3C}.Debug|Any CPU.ActiveCfg = Debug|Any CPU
		{836DF042-3EE1-4D7E-A85D-C79511765B3C}.Debug|Any CPU.Build.0 = Debug|Any CPU
		{836DF042-3EE1-4D7E-A85D-C79511765B3C}.Release|Any CPU.ActiveCfg = Release|Any CPU
		{836DF042-3EE1-4D7E-A85D-C79511765B3C}.Release|Any CPU.Build.0 = Release|Any CPU
	EndGlobalSection
	GlobalSection(SolutionProperties) = preSolution
		HideSolutionNode = FALSE
	EndGlobalSection
	GlobalSection(ExtensibilityGlobals) = postSolution
		EnterpriseLibraryConfigurationToolBinariesPath = packages\TransientFaultHandling.Core.5.1.1209.1\lib\NET4
	EndGlobalSection
EndGlobal
